// !$*UTF8*$!
{
	archiveVersion = 1;
	classes = {
	};
	objectVersion = 77;
	objects = {

/* Begin PBXBuildFile section */
		935451552FA64764001A9D08 /* SwiftSubtitles in Frameworks */ = {isa = PBXBuildFile; productRef = 935451542FA64764001A9D08 /* SwiftSubtitles */; };
		9354515C2FA64775001A9D08 /* SwiftAssRenderer in Frameworks */ = {isa = PBXBuildFile; productRef = 9354515B2FA64775001A9D08 /* SwiftAssRenderer */; };
		93CDCE762FA1BF6700465073 /* SwiftSoup in Frameworks */ = {isa = PBXBuildFile; productRef = 93CDCE752FA1BF6700465073 /* SwiftSoup */; };
/* End PBXBuildFile section */

/* Begin PBXContainerItemProxy section */
		93F293492F84BC9000AA065F /* PBXContainerItemProxy */ = {
			isa = PBXContainerItemProxy;
			containerPortal = 93F293312F84BC8E00AA065F /* Project object */;
			proxyType = 1;
			remoteGlobalIDString = 93F293382F84BC8E00AA065F;
			remoteInfo = MyShikiPlayer;
		};
		93F293532F84BC9000AA065F /* PBXContainerItemProxy */ = {
			isa = PBXContainerItemProxy;
			containerPortal = 93F293312F84BC8E00AA065F /* Project object */;
			proxyType = 1;
			remoteGlobalIDString = 93F293382F84BC8E00AA065F;
			remoteInfo = MyShikiPlayer;
		};
/* End PBXContainerItemProxy section */

/* Begin PBXFileReference section */
		93F293392F84BC8E00AA065F /* MyShikiPlayer.app */ = {isa = PBXFileReference; explicitFileType = wrapper.application; includeInIndex = 0; path = MyShikiPlayer.app; sourceTree = BUILT_PRODUCTS_DIR; };
		93F293482F84BC9000AA065F /* MyShikiPlayerTests.xctest */ = {isa = PBXFileReference; explicitFileType = wrapper.cfbundle; includeInIndex = 0; path = MyShikiPlayerTests.xctest; sourceTree = BUILT_PRODUCTS_DIR; };
		93F293522F84BC9000AA065F /* MyShikiPlayerUITests.xctest */ = {isa = PBXFileReference; explicitFileType = wrapper.cfbundle; includeInIndex = 0; path = MyShikiPlayerUITests.xctest; sourceTree = BUILT_PRODUCTS_DIR; };
		A1F2936A2F84BC9000AA065F /* Configuration/Shikimori.xcconfig */ = {isa = PBXFileReference; lastKnownFileType = text.xcconfig; path = Configuration/Shikimori.xcconfig; sourceTree = "<group>"; };
		B2F293712F84BC9000AA065F /* Configuration/Version.xcconfig */ = {isa = PBXFileReference; lastKnownFileType = text.xcconfig; path = Configuration/Version.xcconfig; sourceTree = "<group>"; };
		B2F293722F84BC9000AA065F /* Configuration/OAuthURLTypes.plist */ = {isa = PBXFileReference; lastKnownFileType = text.plist.xml; path = Configuration/OAuthURLTypes.plist; sourceTree = "<group>"; };
/* End PBXFileReference section */

/* Begin PBXFileSystemSynchronizedRootGroup section */
		93F2933B2F84BC8E00AA065F /* MyShikiPlayer */ = {
			isa = PBXFileSystemSynchronizedRootGroup;
			path = MyShikiPlayer;
			sourceTree = "<group>";
		};
		93F2934B2F84BC9000AA065F /* MyShikiPlayerTests */ = {
			isa = PBXFileSystemSynchronizedRootGroup;
			path = MyShikiPlayerTests;
			sourceTree = "<group>";
		};
		93F293552F84BC9000AA065F /* MyShikiPlayerUITests */ = {
			isa = PBXFileSystemSynchronizedRootGroup;
			path = MyShikiPlayerUITests;
			sourceTree = "<group>";
		};
/* End PBXFileSystemSynchronizedRootGroup section */

/* Begin PBXFrameworksBuildPhase section */
		93F293362F84BC8E00AA065F /* Frameworks */ = {
			isa = PBXFrameworksBuildPhase;
			buildActionMask = 2147483647;
			files = (
				935451552FA64764001A9D08 /* SwiftSubtitles in Frameworks */,
				9354515C2FA64775001A9D08 /* SwiftAssRenderer in Frameworks */,
				93CDCE762FA1BF6700465073 /* SwiftSoup in Frameworks */,
			);
			runOnlyForDeploymentPostprocessing = 0;
		};
		93F293452F84BC9000AA065F /* Frameworks */ = {
			isa = PBXFrameworksBuildPhase;
			buildActionMask = 2147483647;
			files = (
			);
			runOnlyForDeploymentPostprocessing = 0;
		};
		93F2934F2F84BC9000AA065F /* Frameworks */ = {
			isa = PBXFrameworksBuildPhase;
			buildActionMask = 2147483647;
			files = (
			);
			runOnlyForDeploymentPostprocessing = 0;
		};
/* End PBXFrameworksBuildPhase section */

/* Begin PBXGroup section */
		93CDCE742FA1BF6700465073 /* Frameworks */ = {
			isa = PBXGroup;
			children = (
			);
			name = Frameworks;
			sourceTree = "<group>";
		};
		93F293302F84BC8E00AA065F = {
			isa = PBXGroup;
			children = (
				A1F2936A2F84BC9000AA065F /* Configuration/Shikimori.xcconfig */,
				B2F293712F84BC9000AA065F /* Configuration/Version.xcconfig */,
				B2F293722F84BC9000AA065F /* Configuration/OAuthURLTypes.plist */,
				93F2933B2F84BC8E00AA065F /* MyShikiPlayer */,
				93F2934B2F84BC9000AA065F /* MyShikiPlayerTests */,
				93F293552F84BC9000AA065F /* MyShikiPlayerUITests */,
				93CDCE742FA1BF6700465073 /* Frameworks */,
				93F2933A2F84BC8E00AA065F /* Products */,
			);
			sourceTree = "<group>";
		};
		93F2933A2F84BC8E00AA065F /* Products */ = {
			isa = PBXGroup;
			children = (
				93F293392F84BC8E00AA065F /* MyShikiPlayer.app */,
				93F293482F84BC9000AA065F /* MyShikiPlayerTests.xctest */,
				93F293522F84BC9000AA065F /* MyShikiPlayerUITests.xctest */,
			);
			name = Products;
			sourceTree = "<group>";
		};
/* End PBXGroup section */

/* Begin PBXNativeTarget section */
		93F293382F84BC8E00AA065F /* MyShikiPlayer */ = {
			isa = PBXNativeTarget;
			buildConfigurationList = 93F2935C2F84BC9000AA065F /* Build configuration list for PBXNativeTarget "MyShikiPlayer" */;
			buildPhases = (
				B1F293702F84BC9000AA065F /* SwiftLint */,
				93F293352F84BC8E00AA065F /* Sources */,
				93F293362F84BC8E00AA065F /* Frameworks */,
				93F293372F84BC8E00AA065F /* Resources */,
			);
			buildRules = (
			);
			dependencies = (
			);
			fileSystemSynchronizedGroups = (
				93F2933B2F84BC8E00AA065F /* MyShikiPlayer */,
			);
			name = MyShikiPlayer;
			packageProductDependencies = (
				93CDCE752FA1BF6700465073 /* SwiftSoup */,
				935451542FA64764001A9D08 /* SwiftSubtitles */,
				9354515B2FA64775001A9D08 /* SwiftAssRenderer */,
			);
			productName = MyShikiPlayer;
			productReference = 93F293392F84BC8E00AA065F /* MyShikiPlayer.app */;
			productType = "com.apple.product-type.application";
		};
		93F293472F84BC9000AA065F /* MyShikiPlayerTests */ = {
			isa = PBXNativeTarget;
			buildConfigurationList = 93F2935F2F84BC9000AA065F /* Build configuration list for PBXNativeTarget "MyShikiPlayerTests" */;
			buildPhases = (
				93F293442F84BC9000AA065F /* Sources */,
				93F293452F84BC9000AA065F /* Frameworks */,
				93F293462F84BC9000AA065F /* Resources */,
			);
			buildRules = (
			);
			dependencies = (
				93F2934A2F84BC9000AA065F /* PBXTargetDependency */,
			);
			fileSystemSynchronizedGroups = (
				93F2934B2F84BC9000AA065F /* MyShikiPlayerTests */,
			);
			name = MyShikiPlayerTests;
			packageProductDependencies = (
			);
			productName = MyShikiPlayerTests;
			productReference = 93F293482F84BC9000AA065F /* MyShikiPlayerTests.xctest */;
			productType = "com.apple.product-type.bundle.unit-test";
		};
		93F293512F84BC9000AA065F /* MyShikiPlayerUITests */ = {
			isa = PBXNativeTarget;
			buildConfigurationList = 93F293622F84BC9000AA065F /* Build configuration list for PBXNativeTarget "MyShikiPlayerUITests" */;
			buildPhases = (
				93F2934E2F84BC9000AA065F /* Sources */,
				93F2934F2F84BC9000AA065F /* Frameworks */,
				93F293502F84BC9000AA065F /* Resources */,
			);
			buildRules = (
			);
			dependencies = (
				93F293542F84BC9000AA065F /* PBXTargetDependency */,
			);
			fileSystemSynchronizedGroups = (
				93F293552F84BC9000AA065F /* MyShikiPlayerUITests */,
			);
			name = MyShikiPlayerUITests;
			packageProductDependencies = (
			);
			productName = MyShikiPlayerUITests;
			productReference = 93F293522F84BC9000AA065F /* MyShikiPlayerUITests.xctest */;
			productType = "com.apple.product-type.bundle.ui-testing";
		};
/* End PBXNativeTarget section */

/* Begin PBXProject section */
		93F293312F84BC8E00AA065F /* Project object */ = {
			isa = PBXProject;
			attributes = {
				BuildIndependentTargetsInParallel = 1;
				LastSwiftUpdateCheck = 2640;
				LastUpgradeCheck = 2640;
				TargetAttributes = {
					93F293382F84BC8E00AA065F = {
						CreatedOnToolsVersion = 26.4;
					};
					93F293472F84BC9000AA065F = {
						CreatedOnToolsVersion = 26.4;
						TestTargetID = 93F293382F84BC8E00AA065F;
					};
					93F293512F84BC9000AA065F = {
						CreatedOnToolsVersion = 26.4;
						TestTargetID = 93F293382F84BC8E00AA065F;
					};
				};
			};
			buildConfigurationList = 93F293342F84BC8E00AA065F /* Build configuration list for PBXProject "MyShikiPlayer" */;
			developmentRegion = en;
			hasScannedForEncodings = 0;
			knownRegions = (
				en,
				Base,
			);
			mainGroup = 93F293302F84BC8E00AA065F;
			minimizedProjectReferenceProxies = 1;
			packageReferences = (
				93ABE2A32FA1BBA10006FCA3 /* XCRemoteSwiftPackageReference "SwiftSoup" */,
				935451532FA64764001A9D08 /* XCRemoteSwiftPackageReference "SwiftSubtitles" */,
				9354515A2FA64775001A9D08 /* XCRemoteSwiftPackageReference "swift-ass-renderer" */,
			);
			preferredProjectObjectVersion = 77;
			productRefGroup = 93F2933A2F84BC8E00AA065F /* Products */;
			projectDirPath = "";
			projectRoot = "";
			targets = (
				93F293382F84BC8E00AA065F /* MyShikiPlayer */,
				93F293472F84BC9000AA065F /* MyShikiPlayerTests */,
				93F293512F84BC9000AA065F /* MyShikiPlayerUITests */,
			);
		};
/* End PBXProject section */

/* Begin PBXResourcesBuildPhase section */
		93F293372F84BC8E00AA065F /* Resources */ = {
			isa = PBXResourcesBuildPhase;
			buildActionMask = 2147483647;
			files = (
			);
			runOnlyForDeploymentPostprocessing = 0;
		};
		93F293462F84BC9000AA065F /* Resources */ = {
			isa = PBXResourcesBuildPhase;
			buildActionMask = 2147483647;
			files = (
			);
			runOnlyForDeploymentPostprocessing = 0;
		};
		93F293502F84BC9000AA065F /* Resources */ = {
			isa = PBXResourcesBuildPhase;
			buildActionMask = 2147483647;
			files = (
			);
			runOnlyForDeploymentPostprocessing = 0;
		};
/* End PBXResourcesBuildPhase section */

/* Begin PBXShellScriptBuildPhase section */
		B1F293702F84BC9000AA065F /* SwiftLint */ = {
			isa = PBXShellScriptBuildPhase;
			alwaysOutOfDate = 1;
			buildActionMask = 2147483647;
			files = (
			);
			inputFileListPaths = (
			);
			inputPaths = (
			);
			name = SwiftLint;
			outputFileListPaths = (
			);
			outputPaths = (
			);
			runOnlyForDeploymentPostprocessing = 0;
			shellPath = /bin/sh;
			shellScript = "cd \"${SRCROOT}\"\nif command -v swiftlint >/dev/null 2>&1; then\n  swiftlint\nelse\n  echo \"warning: SwiftLint not installed — brew install swiftlint\"\nfi\n";
		};
/* End PBXShellScriptBuildPhase section */

/* Begin PBXSourcesBuildPhase section */
		93F293352F84BC8E00AA065F /* Sources */ = {
			isa = PBXSourcesBuildPhase;
			buildActionMask = 2147483647;
			files = (
			);
			runOnlyForDeploymentPostprocessing = 0;
		};
		93F293442F84BC9000AA065F /* Sources */ = {
			isa = PBXSourcesBuildPhase;
			buildActionMask = 2147483647;
			files = (
			);
			runOnlyForDeploymentPostprocessing = 0;
		};
		93F2934E2F84BC9000AA065F /* Sources */ = {
			isa = PBXSourcesBuildPhase;
			buildActionMask = 2147483647;
			files = (
			);
			runOnlyForDeploymentPostprocessing = 0;
		};
/* End PBXSourcesBuildPhase section */

/* Begin PBXTargetDependency section */
		93F2934A2F84BC9000AA065F /* PBXTargetDependency */ = {
			isa = PBXTargetDependency;
			target = 93F293382F84BC8E00AA065F /* MyShikiPlayer */;
			targetProxy = 93F293492F84BC9000AA065F /* PBXContainerItemProxy */;
		};
		93F293542F84BC9000AA065F /* PBXTargetDependency */ = {
			isa = PBXTargetDependency;
			target = 93F293382F84BC8E00AA065F /* MyShikiPlayer */;
			targetProxy = 93F293532F84BC9000AA065F /* PBXContainerItemProxy */;
		};
/* End PBXTargetDependency section */

/* Begin XCBuildConfiguration section */
		93F2935A2F84BC9000AA065F /* Debug */ = {
			isa = XCBuildConfiguration;
			buildSettings = {
				ALWAYS_SEARCH_USER_PATHS = NO;
				ASSETCATALOG_COMPILER_GENERATE_SWIFT_ASSET_SYMBOL_EXTENSIONS = YES;
				CLANG_ANALYZER_NONNULL = YES;
				CLANG_ANALYZER_NUMBER_OBJECT_CONVERSION = YES_AGGRESSIVE;
				CLANG_CXX_LANGUAGE_STANDARD = "gnu++20";
				CLANG_ENABLE_MODULES = YES;
				CLANG_ENABLE_OBJC_ARC = YES;
				CLANG_ENABLE_OBJC_WEAK = YES;
				CLANG_WARN_BLOCK_CAPTURE_AUTORELEASING = YES;
				CLANG_WARN_BOOL_CONVERSION = YES;
				CLANG_WARN_COMMA = YES;
				CLANG_WARN_CONSTANT_CONVERSION = YES;
				CLANG_WARN_DEPRECATED_OBJC_IMPLEMENTATIONS = YES;
				CLANG_WARN_DIRECT_OBJC_ISA_USAGE = YES_ERROR;
				CLANG_WARN_DOCUMENTATION_COMMENTS = YES;
				CLANG_WARN_EMPTY_BODY = YES;
				CLANG_WARN_ENUM_CONVERSION = YES;
				CLANG_WARN_INFINITE_RECURSION = YES;
				CLANG_WARN_INT_CONVERSION = YES;
				CLANG_WARN_NON_LITERAL_NULL_CONVERSION = YES;
				CLANG_WARN_OBJC_IMPLICIT_RETAIN_SELF = YES;
				CLANG_WARN_OBJC_LITERAL_CONVERSION = YES;
				CLANG_WARN_OBJC_ROOT_CLASS = YES_ERROR;
				CLANG_WARN_QUOTED_INCLUDE_IN_FRAMEWORK_HEADER = YES;
				CLANG_WARN_RANGE_LOOP_ANALYSIS = YES;
				CLANG_WARN_STRICT_PROTOTYPES = YES;
				CLANG_WARN_SUSPICIOUS_MOVE = YES;
				CLANG_WARN_UNGUARDED_AVAILABILITY = YES_AGGRESSIVE;
				CLANG_WARN_UNREACHABLE_CODE = YES;
				CLANG_WARN__DUPLICATE_METHOD_MATCH = YES;
				COPY_PHASE_STRIP = NO;
				DEBUG_INFORMATION_FORMAT = dwarf;
				DEVELOPMENT_TEAM = "$(inherited)";
				ENABLE_STRICT_OBJC_MSGSEND = YES;
				ENABLE_TESTABILITY = YES;
				ENABLE_USER_SCRIPT_SANDBOXING = YES;
				GCC_C_LANGUAGE_STANDARD = gnu17;
				GCC_DYNAMIC_NO_PIC = NO;
				GCC_NO_COMMON_BLOCKS = YES;
				GCC_OPTIMIZATION_LEVEL = 0;
				GCC_PREPROCESSOR_DEFINITIONS = (
					"DEBUG=1",
					"$(inherited)",
				);
				GCC_WARN_64_TO_32_BIT_CONVERSION = YES;
				GCC_WARN_ABOUT_RETURN_TYPE = YES_ERROR;
				GCC_WARN_UNDECLARED_SELECTOR = YES;
				GCC_WARN_UNINITIALIZED_AUTOS = YES_AGGRESSIVE;
				GCC_WARN_UNUSED_FUNCTION = YES;
				GCC_WARN_UNUSED_VARIABLE = YES;
				LOCALIZATION_PREFERS_STRING_CATALOGS = YES;
				MACOSX_DEPLOYMENT_TARGET = 26.4;
				MTL_ENABLE_DEBUG_INFO = INCLUDE_SOURCE;
				MTL_FAST_MATH = YES;
				ONLY_ACTIVE_ARCH = YES;
				SDKROOT = macosx;
				SWIFT_ACTIVE_COMPILATION_CONDITIONS = "DEBUG $(inherited)";
				SWIFT_OPTIMIZATION_LEVEL = "-Onone";
			};
			name = Debug;
		};
		93F2935B2F84BC9000AA065F /* Release */ = {
			isa = XCBuildConfiguration;
			buildSettings = {
				ALWAYS_SEARCH_USER_PATHS = NO;
				ASSETCATALOG_COMPILER_GENERATE_SWIFT_ASSET_SYMBOL_EXTENSIONS = YES;
				CLANG_ANALYZER_NONNULL = YES;
				CLANG_ANALYZER_NUMBER_OBJECT_CONVERSION = YES_AGGRESSIVE;
				CLANG_CXX_LANGUAGE_STANDARD = "gnu++20";
				CLANG_ENABLE_MODULES = YES;
				CLANG_ENABLE_OBJC_ARC = YES;
				CLANG_ENABLE_OBJC_WEAK = YES;
				CLANG_WARN_BLOCK_CAPTURE_AUTORELEASING = YES;
				CLANG_WARN_BOOL_CONVERSION = YES;
				CLANG_WARN_COMMA = YES;
				CLANG_WARN_CONSTANT_CONVERSION = YES;
				CLANG_WARN_DEPRECATED_OBJC_IMPLEMENTATIONS = YES;
				CLANG_WARN_DIRECT_OBJC_ISA_USAGE = YES_ERROR;
				CLANG_WARN_DOCUMENTATION_COMMENTS = YES;
				CLANG_WARN_EMPTY_BODY = YES;
				CLANG_WARN_ENUM_CONVERSION = YES;
				CLANG_WARN_INFINITE_RECURSION = YES;
				CLANG_WARN_INT_CONVERSION = YES;
				CLANG_WARN_NON_LITERAL_NULL_CONVERSION = YES;
				CLANG_WARN_OBJC_IMPLICIT_RETAIN_SELF = YES;
				CLANG_WARN_OBJC_LITERAL_CONVERSION = YES;
				CLANG_WARN_OBJC_ROOT_CLASS = YES_ERROR;
				CLANG_WARN_QUOTED_INCLUDE_IN_FRAMEWORK_HEADER = YES;
				CLANG_WARN_RANGE_LOOP_ANALYSIS = YES;
				CLANG_WARN_STRICT_PROTOTYPES = YES;
				CLANG_WARN_SUSPICIOUS_MOVE = YES;
				CLANG_WARN_UNGUARDED_AVAILABILITY = YES_AGGRESSIVE;
				CLANG_WARN_UNREACHABLE_CODE = YES;
				CLANG_WARN__DUPLICATE_METHOD_MATCH = YES;
				COPY_PHASE_STRIP = NO;
				DEBUG_INFORMATION_FORMAT = "dwarf-with-dsym";
				DEVELOPMENT_TEAM = "$(inherited)";
				ENABLE_NS_ASSERTIONS = NO;
				ENABLE_STRICT_OBJC_MSGSEND = YES;
				ENABLE_USER_SCRIPT_SANDBOXING = YES;
				GCC_C_LANGUAGE_STANDARD = gnu17;
				GCC_NO_COMMON_BLOCKS = YES;
				GCC_WARN_64_TO_32_BIT_CONVERSION = YES;
				GCC_WARN_ABOUT_RETURN_TYPE = YES_ERROR;
				GCC_WARN_UNDECLARED_SELECTOR = YES;
				GCC_WARN_UNINITIALIZED_AUTOS = YES_AGGRESSIVE;
				GCC_WARN_UNUSED_FUNCTION = YES;
				GCC_WARN_UNUSED_VARIABLE = YES;
				LOCALIZATION_PREFERS_STRING_CATALOGS = YES;
				MACOSX_DEPLOYMENT_TARGET = 26.4;
				MTL_ENABLE_DEBUG_INFO = NO;
				MTL_FAST_MATH = YES;
				SDKROOT = macosx;
				SWIFT_COMPILATION_MODE = wholemodule;
			};
			name = Release;
		};
		93F2935D2F84BC9000AA065F /* Debug */ = {
			isa = XCBuildConfiguration;
			baseConfigurationReference = A1F2936A2F84BC9000AA065F /* Configuration/Shikimori.xcconfig */;
			buildSettings = {
				ASSETCATALOG_COMPILER_APPICON_NAME = AppIcon;
				ASSETCATALOG_COMPILER_GLOBAL_ACCENT_COLOR_NAME = AccentColor;
				CODE_SIGN_ENTITLEMENTS = MyShikiPlayer/MyShikiPlayer.entitlements;
				CODE_SIGN_STYLE = Automatic;
				COMBINE_HIDPI_IMAGES = YES;
				DEVELOPMENT_TEAM = "$(inherited)";
				ENABLE_APP_SANDBOX = YES;
				ENABLE_HARDENED_RUNTIME = YES;
				ENABLE_PREVIEWS = YES;
				ENABLE_USER_SCRIPT_SANDBOXING = NO;
				ENABLE_USER_SELECTED_FILES = readonly;
				GENERATE_INFOPLIST_FILE = YES;
				INFOPLIST_FILE = Configuration/OAuthURLTypes.plist;
				INFOPLIST_KEY_KodikAPIToken = "$(KODIK_API_TOKEN)";
				INFOPLIST_KEY_NSHumanReadableCopyright = "";
				INFOPLIST_KEY_ShikimoriBaseURL = "$(SHIKIMORI_BASE_URL)";
				INFOPLIST_KEY_ShikimoriClientID = "$(SHIKIMORI_CLIENT_ID)";
				INFOPLIST_KEY_ShikimoriClientSecret = "$(SHIKIMORI_CLIENT_SECRET)";
				INFOPLIST_KEY_ShikimoriOAuthBaseURL = "$(SHIKIMORI_OAUTH_BASE_URL)";
				INFOPLIST_KEY_ShikimoriRedirectURI = "$(SHIKIMORI_REDIRECT_URI)";
				INFOPLIST_KEY_ShikimoriUserAgentAppName = "$(SHIKIMORI_USER_AGENT_APP_NAME)";
				LD_RUNPATH_SEARCH_PATHS = (
					"$(inherited)",
					"@executable_path/../Frameworks",
				);
				PRODUCT_BUNDLE_IDENTIFIER = ru.korenskoy.MyShikiPlayer;
				PRODUCT_NAME = "$(TARGET_NAME)";
				REGISTER_APP_GROUPS = YES;
				STRING_CATALOG_GENERATE_SYMBOLS = YES;
				SWIFT_APPROACHABLE_CONCURRENCY = YES;
				SWIFT_EMIT_LOC_STRINGS = YES;
				SWIFT_UPCOMING_FEATURE_MEMBER_IMPORT_VISIBILITY = YES;
				SWIFT_VERSION = 5.0;
			};
			name = Debug;
		};
		93F2935E2F84BC9000AA065F /* Release */ = {
			isa = XCBuildConfiguration;
			baseConfigurationReference = A1F2936A2F84BC9000AA065F /* Configuration/Shikimori.xcconfig */;
			buildSettings = {
				ASSETCATALOG_COMPILER_APPICON_NAME = AppIcon;
				ASSETCATALOG_COMPILER_GLOBAL_ACCENT_COLOR_NAME = AccentColor;
				CODE_SIGN_ENTITLEMENTS = MyShikiPlayer/MyShikiPlayer.entitlements;
				CODE_SIGN_STYLE = Automatic;
				COMBINE_HIDPI_IMAGES = YES;
				DEVELOPMENT_TEAM = "$(inherited)";
				ENABLE_APP_SANDBOX = YES;
				ENABLE_HARDENED_RUNTIME = YES;
				ENABLE_PREVIEWS = YES;
				ENABLE_USER_SCRIPT_SANDBOXING = NO;
				ENABLE_USER_SELECTED_FILES = readonly;
				GENERATE_INFOPLIST_FILE = YES;
				INFOPLIST_FILE = Configuration/OAuthURLTypes.plist;
				INFOPLIST_KEY_KodikAPIToken = "$(KODIK_API_TOKEN)";
				INFOPLIST_KEY_NSHumanReadableCopyright = "";
				INFOPLIST_KEY_ShikimoriBaseURL = "$(SHIKIMORI_BASE_URL)";
				INFOPLIST_KEY_ShikimoriClientID = "$(SHIKIMORI_CLIENT_ID)";
				INFOPLIST_KEY_ShikimoriClientSecret = "$(SHIKIMORI_CLIENT_SECRET)";
				INFOPLIST_KEY_ShikimoriOAuthBaseURL = "$(SHIKIMORI_OAUTH_BASE_URL)";
				INFOPLIST_KEY_ShikimoriRedirectURI = "$(SHIKIMORI_REDIRECT_URI)";
				INFOPLIST_KEY_ShikimoriUserAgentAppName = "$(SHIKIMORI_USER_AGENT_APP_NAME)";
				LD_RUNPATH_SEARCH_PATHS = (
					"$(inherited)",
					"@executable_path/../Frameworks",
				);
				PRODUCT_BUNDLE_IDENTIFIER = ru.korenskoy.MyShikiPlayer;
				PRODUCT_NAME = "$(TARGET_NAME)";
				REGISTER_APP_GROUPS = YES;
				STRING_CATALOG_GENERATE_SYMBOLS = YES;
				SWIFT_APPROACHABLE_CONCURRENCY = YES;
				SWIFT_EMIT_LOC_STRINGS = YES;
				SWIFT_UPCOMING_FEATURE_MEMBER_IMPORT_VISIBILITY = YES;
				SWIFT_VERSION = 5.0;
			};
			name = Release;
		};
		93F293602F84BC9000AA065F /* Debug */ = {
			isa = XCBuildConfiguration;
			baseConfigurationReference = B2F293712F84BC9000AA065F /* Configuration/Version.xcconfig */;
			buildSettings = {
				BUNDLE_LOADER = "$(TEST_HOST)";
				CODE_SIGN_STYLE = Automatic;
				DEVELOPMENT_TEAM = "$(inherited)";
				GENERATE_INFOPLIST_FILE = YES;
				MACOSX_DEPLOYMENT_TARGET = 26.4;
				PRODUCT_BUNDLE_IDENTIFIER = ru.korenskoy.MyShikiPlayerTests;
				PRODUCT_NAME = "$(TARGET_NAME)";
				STRING_CATALOG_GENERATE_SYMBOLS = NO;
				SWIFT_APPROACHABLE_CONCURRENCY = YES;
				SWIFT_EMIT_LOC_STRINGS = NO;
				SWIFT_UPCOMING_FEATURE_MEMBER_IMPORT_VISIBILITY = YES;
				SWIFT_VERSION = 5.0;
				TEST_HOST = "$(BUILT_PRODUCTS_DIR)/MyShikiPlayer.app/$(BUNDLE_EXECUTABLE_FOLDER_PATH)/MyShikiPlayer";
			};
			name = Debug;
		};
		93F293612F84BC9000AA065F /* Release */ = {
			isa = XCBuildConfiguration;
			baseConfigurationReference = B2F293712F84BC9000AA065F /* Configuration/Version.xcconfig */;
			buildSettings = {
				BUNDLE_LOADER = "$(TEST_HOST)";
				CODE_SIGN_STYLE = Automatic;
				DEVELOPMENT_TEAM = "$(inherited)";
				GENERATE_INFOPLIST_FILE = YES;
				MACOSX_DEPLOYMENT_TARGET = 26.4;
				PRODUCT_BUNDLE_IDENTIFIER = ru.korenskoy.MyShikiPlayerTests;
				PRODUCT_NAME = "$(TARGET_NAME)";
				STRING_CATALOG_GENERATE_SYMBOLS = NO;
				SWIFT_APPROACHABLE_CONCURRENCY = YES;
				SWIFT_EMIT_LOC_STRINGS = NO;
				SWIFT_UPCOMING_FEATURE_MEMBER_IMPORT_VISIBILITY = YES;
				SWIFT_VERSION = 5.0;
				TEST_HOST = "$(BUILT_PRODUCTS_DIR)/MyShikiPlayer.app/$(BUNDLE_EXECUTABLE_FOLDER_PATH)/MyShikiPlayer";
			};
			name = Release;
		};
		93F293632F84BC9000AA065F /* Debug */ = {
			isa = XCBuildConfiguration;
			baseConfigurationReference = B2F293712F84BC9000AA065F /* Configuration/Version.xcconfig */;
			buildSettings = {
				CODE_SIGN_STYLE = Automatic;
				DEVELOPMENT_TEAM = "$(inherited)";
				GENERATE_INFOPLIST_FILE = YES;
				PRODUCT_BUNDLE_IDENTIFIER = ru.korenskoy.MyShikiPlayerUITests;
				PRODUCT_NAME = "$(TARGET_NAME)";
				STRING_CATALOG_GENERATE_SYMBOLS = NO;
				SWIFT_APPROACHABLE_CONCURRENCY = YES;
				SWIFT_EMIT_LOC_STRINGS = NO;
				SWIFT_UPCOMING_FEATURE_MEMBER_IMPORT_VISIBILITY = YES;
				SWIFT_VERSION = 5.0;
				TEST_TARGET_NAME = MyShikiPlayer;
			};
			name = Debug;
		};
		93F293642F84BC9000AA065F /* Release */ = {
			isa = XCBuildConfiguration;
			baseConfigurationReference = B2F293712F84BC9000AA065F /* Configuration/Version.xcconfig */;
			buildSettings = {
				CODE_SIGN_STYLE = Automatic;
				DEVELOPMENT_TEAM = "$(inherited)";
				GENERATE_INFOPLIST_FILE = YES;
				PRODUCT_BUNDLE_IDENTIFIER = ru.korenskoy.MyShikiPlayerUITests;
				PRODUCT_NAME = "$(TARGET_NAME)";
				STRING_CATALOG_GENERATE_SYMBOLS = NO;
				SWIFT_APPROACHABLE_CONCURRENCY = YES;
				SWIFT_EMIT_LOC_STRINGS = NO;
				SWIFT_UPCOMING_FEATURE_MEMBER_IMPORT_VISIBILITY = YES;
				SWIFT_VERSION = 5.0;
				TEST_TARGET_NAME = MyShikiPlayer;
			};
			name = Release;
		};
/* End XCBuildConfiguration section */

/* Begin XCConfigurationList section */
		93F293342F84BC8E00AA065F /* Build configuration list for PBXProject "MyShikiPlayer" */ = {
			isa = XCConfigurationList;
			buildConfigurations = (
				93F2935A2F84BC9000AA065F /* Debug */,
				93F2935B2F84BC9000AA065F /* Release */,
			);
			defaultConfigurationIsVisible = 0;
			defaultConfigurationName = Release;
		};
		93F2935C2F84BC9000AA065F /* Build configuration list for PBXNativeTarget "MyShikiPlayer" */ = {
			isa = XCConfigurationList;
			buildConfigurations = (
				93F2935D2F84BC9000AA065F /* Debug */,
				93F2935E2F84BC9000AA065F /* Release */,
			);
			defaultConfigurationIsVisible = 0;
			defaultConfigurationName = Release;
		};
		93F2935F2F84BC9000AA065F /* Build configuration list for PBXNativeTarget "MyShikiPlayerTests" */ = {
			isa = XCConfigurationList;
			buildConfigurations = (
				93F293602F84BC9000AA065F /* Debug */,
				93F293612F84BC9000AA065F /* Release */,
			);
			defaultConfigurationIsVisible = 0;
			defaultConfigurationName = Release;
		};
		93F293622F84BC9000AA065F /* Build configuration list for PBXNativeTarget "MyShikiPlayerUITests" */ = {
			isa = XCConfigurationList;
			buildConfigurations = (
				93F293632F84BC9000AA065F /* Debug */,
				93F293642F84BC9000AA065F /* Release */,
			);
			defaultConfigurationIsVisible = 0;
			defaultConfigurationName = Release;
		};
/* End XCConfigurationList section */

/* Begin XCRemoteSwiftPackageReference section */
		935451532FA64764001A9D08 /* XCRemoteSwiftPackageReference "SwiftSubtitles" */ = {
			isa = XCRemoteSwiftPackageReference;
			repositoryURL = "https://github.com/dagronf/SwiftSubtitles";
			requirement = {
				kind = upToNextMajorVersion;
				minimumVersion = 2.2.0;
			};
		};
		9354515A2FA64775001A9D08 /* XCRemoteSwiftPackageReference "swift-ass-renderer" */ = {
			isa = XCRemoteSwiftPackageReference;
			repositoryURL = "https://github.com/mihai8804858/swift-ass-renderer";
			requirement = {
				kind = upToNextMajorVersion;
				minimumVersion = 1.3.1;
			};
		};
		93ABE2A32FA1BBA10006FCA3 /* XCRemoteSwiftPackageReference "SwiftSoup" */ = {
			isa = XCRemoteSwiftPackageReference;
			repositoryURL = "https://github.com/scinfu/SwiftSoup.git";
			requirement = {
				kind = upToNextMajorVersion;
				minimumVersion = 2.13.4;
			};
		};
/* End XCRemoteSwiftPackageReference section */

/* Begin XCSwiftPackageProductDependency section */
		935451542FA64764001A9D08 /* SwiftSubtitles */ = {
			isa = XCSwiftPackageProductDependency;
			package = 935451532FA64764001A9D08 /* XCRemoteSwiftPackageReference "SwiftSubtitles" */;
			productName = SwiftSubtitles;
		};
		9354515B2FA64775001A9D08 /* SwiftAssRenderer */ = {
			isa = XCSwiftPackageProductDependency;
			package = 9354515A2FA64775001A9D08 /* XCRemoteSwiftPackageReference "swift-ass-renderer" */;
			productName = SwiftAssRenderer;
		};
		93CDCE752FA1BF6700465073 /* SwiftSoup */ = {
			isa = XCSwiftPackageProductDependency;
			package = 93ABE2A32FA1BBA10006FCA3 /* XCRemoteSwiftPackageReference "SwiftSoup" */;
			productName = SwiftSoup;
		};
/* End XCSwiftPackageProductDependency section */
	};
	rootObject = 93F293312F84BC8E00AA065F /* Project object */;
}
